
Microsoft Visual Studio Solution File, Format Version 12.00
# Visual Studio 15
VisualStudioVersion = 15.0.28307.271
MinimumVisualStudioVersion = 10.0.40219.1
Project("{FAE04EC0-301F-11D3-BF4B-00C04F79EFBC}") = "PersonalityQuiz", "PersonalityQuiz\PersonalityQuiz.csproj", "{CA1F7BA1-0882-436E-8A3A-D0297D997F7E}"
EndProject
Project("{2150E333-8FDC-42A3-9474-1A3956D46DE8}") = "test", "test", "{EFD78298-B291-4615-B1F5-A34302F755BC}"
EndProject
Project("{FAE04EC0-301F-11D3-BF4B-00C04F79EFBC}") = "PersonalityQuiz.UnitTests", "test\PersonalityQuiz.UnitTests\PersonalityQuiz.UnitTests.csproj", "{DC9AE2D4-1BE6-4566-809E-E854FAB8D9BD}"
EndProject
Global
	GlobalSection(SolutionConfigurationPlatforms) = preSolution
		Debug|Any CPU = Debug|Any CPU
		Release|Any CPU = Release|Any CPU
	EndGlobalSection
	GlobalSection(ProjectConfigurationPlatforms) = postSolution
		{CA1F7BA1-0882-436E-8A3A-D0297D997F7E}.Debug|Any CPU.ActiveCfg = Debug|Any CPU
		{CA1F7BA1-0882-436E-8A3A-D0297D997F7E}.Debug|Any CPU.Build.0 = Debug|Any CPU
		{CA1F7BA1-0882-436E-8A3A-D0297D997F7E}.Release|Any CPU.ActiveCfg = Release|Any CPU
		{CA1F7BA1-0882-436E-8A3A-D0297D997F7E}.Release|Any CPU.Build.0 = Release|Any CPU
		{DC9AE2D4-1BE6-4566-809E-E854FAB8D9BD}.Debug|Any CPU.ActiveCfg = Debug|Any CPU
		{DC9AE2D4-1BE6-4566-809E-E854FAB8D9BD}.Debug|Any CPU.Build.0 = Debug|Any CPU
		{DC9AE2D4-1BE6-4566-809E-E854FAB8D9BD}.Release|Any CPU.ActiveCfg = Release|Any CPU
		{DC9AE2D4-1BE6-4566-809E-E854FAB8D9BD}.Release|Any CPU.Build.0 = Release|Any CPU
	EndGlobalSection
	GlobalSection(SolutionProperties) = preSolution
		HideSolutionNode = FALSE
	EndGlobalSection
	GlobalSection(NestedProjects) = preSolution
		{DC9AE2D4-1BE6-4566-809E-E854FAB8D9BD} = {EFD78298-B291-4615-B1F5-A34302F755BC}
	EndGlobalSection
	GlobalSection(ExtensibilityGlobals) = postSolution
		SolutionGuid = {44E8F6ED-74F4-42B0-B5CF-2DEE4CFAB257}
	EndGlobalSection
EndGlobal
